
Microsoft Visual Studio Solution File, Format Version 12.00
# Visual Studio 15
Project("{FAE04EC0-301F-11D3-BF4B-00C04F79EFBC}") = "Assembly-CSharp", "Assembly-CSharp.csproj", "{560120F5-6870-5905-DFA4-1EFF1ED56EEC}"
EndProject
Project("{FAE04EC0-301F-11D3-BF4B-00C04F79EFBC}") = "Assembly-CSharp-Editor", "Assembly-CSharp-Editor.csproj", "{9EE6A9F6-570B-CB19-EFDB-69B4BD8D47B5}"
EndProject
Global
	GlobalSection(SolutionConfigurationPlatforms) = preSolution
		Debug|Any CPU = Debug|Any CPU
		Release|Any CPU = Release|Any CPU
	EndGlobalSection
	GlobalSection(ProjectConfigurationPlatforms) = postSolution
		{560120F5-6870-5905-DFA4-1EFF1ED56EEC}.Debug|Any CPU.ActiveCfg = Debug|Any CPU
		{560120F5-6870-5905-DFA4-1EFF1ED56EEC}.Debug|Any CPU.Build.0 = Debug|Any CPU
		{560120F5-6870-5905-DFA4-1EFF1ED56EEC}.Release|Any CPU.ActiveCfg = Release|Any CPU
		{560120F5-6870-5905-DFA4-1EFF1ED56EEC}.Release|Any CPU.Build.0 = Release|Any CPU
		{9EE6A9F6-570B-CB19-EFDB-69B4BD8D47B5}.Debug|Any CPU.ActiveCfg = Debug|Any CPU
		{9EE6A9F6-570B-CB19-EFDB-69B4BD8D47B5}.Debug|Any CPU.Build.0 = Debug|Any CPU
		{9EE6A9F6-570B-CB19-EFDB-69B4BD8D47B5}.Release|Any CPU.ActiveCfg = Release|Any CPU
		{9EE6A9F6-570B-CB19-EFDB-69B4BD8D47B5}.Release|Any CPU.Build.0 = Release|Any CPU
	EndGlobalSection
	GlobalSection(SolutionProperties) = preSolution
		HideSolutionNode = FALSE
	EndGlobalSection
EndGlobal
